// !$*UTF8*$!
{
	archiveVersion = 1;
	classes = {
	};
	objectVersion = 46;
	objects = {

/* Begin PBXBuildFile section */
		C97443DB1A1A5AB0003ACFD8 /* AppDelegate.swift in Sources */ = {isa = PBXBuildFile; fileRef = C97443DA1A1A5AB0003ACFD8 /* AppDelegate.swift */; };
		C97443DE1A1A5AB0003ACFD8 /* Interview_Tests.xcdatamodeld in Sources */ = {isa = PBXBuildFile; fileRef = C97443DC1A1A5AB0003ACFD8 /* Interview_Tests.xcdatamodeld */; };
		C97443E01A1A5AB0003ACFD8 /* MasterViewController.swift in Sources */ = {isa = PBXBuildFile; fileRef = C97443DF1A1A5AB0003ACFD8 /* MasterViewController.swift */; };
		C97443E21A1A5AB0003ACFD8 /* DetailViewController.swift in Sources */ = {isa = PBXBuildFile; fileRef = C97443E11A1A5AB0003ACFD8 /* DetailViewController.swift */; };
		C97443E51A1A5AB0003ACFD8 /* Main.storyboard in Resources */ = {isa = PBXBuildFile; fileRef = C97443E31A1A5AB0003ACFD8 /* Main.storyboard */; };
		C97443E71A1A5AB0003ACFD8 /* Images.xcassets in Resources */ = {isa = PBXBuildFile; fileRef = C97443E61A1A5AB0003ACFD8 /* Images.xcassets */; };
		C97443EA1A1A5AB0003ACFD8 /* LaunchScreen.xib in Resources */ = {isa = PBXBuildFile; fileRef = C97443E81A1A5AB0003ACFD8 /* LaunchScreen.xib */; };
		C97443F61A1A5AB0003ACFD8 /* Interview_TestsTests.swift in Sources */ = {isa = PBXBuildFile; fileRef = C97443F51A1A5AB0003ACFD8 /* Interview_TestsTests.swift */; };
		C97444021A1A5FA0003ACFD8 /* NearbyBeaconCell.swift in Sources */ = {isa = PBXBuildFile; fileRef = C97444011A1A5FA0003ACFD8 /* NearbyBeaconCell.swift */; };
		C97444041A1A633E003ACFD8 /* data.json in Resources */ = {isa = PBXBuildFile; fileRef = C97444031A1A633E003ACFD8 /* data.json */; };
		C97444061A1A639C003ACFD8 /* Loader.swift in Sources */ = {isa = PBXBuildFile; fileRef = C97444051A1A639C003ACFD8 /* Loader.swift */; };
		C97444281A1A65CC003ACFD8 /* SwiftyJSON.framework in Frameworks */ = {isa = PBXBuildFile; fileRef = C97444211A1A65C5003ACFD8 /* SwiftyJSON.framework */; };
		C97444291A1A65CC003ACFD8 /* SwiftyJSON.framework in Embed Frameworks */ = {isa = PBXBuildFile; fileRef = C97444211A1A65C5003ACFD8 /* SwiftyJSON.framework */; settings = {ATTRIBUTES = (CodeSignOnCopy, RemoveHeadersOnCopy, ); }; };
		C988FDBD1A1A6D6000F969DF /* Location.swift in Sources */ = {isa = PBXBuildFile; fileRef = C988FD871A1A6A9C00F969DF /* Location.swift */; };
		C988FDBE1A1A6D6400F969DF /* Beacon.swift in Sources */ = {isa = PBXBuildFile; fileRef = C988FD851A1A6A9C00F969DF /* Beacon.swift */; };
		C988FDC21A1A7B2200F969DF /* NearbyBeaconCellFast.swift in Sources */ = {isa = PBXBuildFile; fileRef = C988FDC11A1A7B2200F969DF /* NearbyBeaconCellFast.swift */; };
/* End PBXBuildFile section */

/* Begin PBXContainerItemProxy section */
		C97443F01A1A5AB0003ACFD8 /* PBXContainerItemProxy */ = {
			isa = PBXContainerItemProxy;
			containerPortal = C97443CD1A1A5AB0003ACFD8 /* Project object */;
			proxyType = 1;
			remoteGlobalIDString = C97443D41A1A5AB0003ACFD8;
			remoteInfo = "Interview Tests";
		};
		C97444201A1A65C5003ACFD8 /* PBXContainerItemProxy */ = {
			isa = PBXContainerItemProxy;
			containerPortal = C97444191A1A65C5003ACFD8 /* SwiftyJSON.xcodeproj */;
			proxyType = 2;
			remoteGlobalIDString = 2E4FEFDB19575BE100351305;
			remoteInfo = SwiftyJSON;
		};
		C97444221A1A65C5003ACFD8 /* PBXContainerItemProxy */ = {
			isa = PBXContainerItemProxy;
			containerPortal = C97444191A1A65C5003ACFD8 /* SwiftyJSON.xcodeproj */;
			proxyType = 2;
			remoteGlobalIDString = 2E4FEFE619575BE100351305;
			remoteInfo = SwiftyJSONTests;
		};
		C97444241A1A65C5003ACFD8 /* PBXContainerItemProxy */ = {
			isa = PBXContainerItemProxy;
			containerPortal = C97444191A1A65C5003ACFD8 /* SwiftyJSON.xcodeproj */;
			proxyType = 2;
			remoteGlobalIDString = 4EC1C1C91A0C1A2D0026ED0B;
			remoteInfo = SwiftyJSONOSX;
		};
		C97444261A1A65C5003ACFD8 /* PBXContainerItemProxy */ = {
			isa = PBXContainerItemProxy;
			containerPortal = C97444191A1A65C5003ACFD8 /* SwiftyJSON.xcodeproj */;
			proxyType = 2;
			remoteGlobalIDString = 4EC1C1D31A0C1A2D0026ED0B;
			remoteInfo = SwiftyJSONOSXTests;
		};
		C974442A1A1A65CC003ACFD8 /* PBXContainerItemProxy */ = {
			isa = PBXContainerItemProxy;
			containerPortal = C97444191A1A65C5003ACFD8 /* SwiftyJSON.xcodeproj */;
			proxyType = 1;
			remoteGlobalIDString = 2E4FEFDA19575BE100351305;
			remoteInfo = SwiftyJSON;
		};
/* End PBXContainerItemProxy section */

/* Begin PBXCopyFilesBuildPhase section */
		C974442C1A1A65CD003ACFD8 /* Embed Frameworks */ = {
			isa = PBXCopyFilesBuildPhase;
			buildActionMask = 2147483647;
			dstPath = "";
			dstSubfolderSpec = 10;
			files = (
				C97444291A1A65CC003ACFD8 /* SwiftyJSON.framework in Embed Frameworks */,
			);
			name = "Embed Frameworks";
			runOnlyForDeploymentPostprocessing = 0;
		};
/* End PBXCopyFilesBuildPhase section */

/* Begin PBXFileReference section */
		C97443D51A1A5AB0003ACFD8 /* Interview Tests.app */ = {isa = PBXFileReference; explicitFileType = wrapper.application; includeInIndex = 0; path = "Interview Tests.app"; sourceTree = BUILT_PRODUCTS_DIR; };
		C97443D91A1A5AB0003ACFD8 /* Info.plist */ = {isa = PBXFileReference; lastKnownFileType = text.plist.xml; path = Info.plist; sourceTree = "<group>"; };
		C97443DA1A1A5AB0003ACFD8 /* AppDelegate.swift */ = {isa = PBXFileReference; lastKnownFileType = sourcecode.swift; path = AppDelegate.swift; sourceTree = "<group>"; };
		C97443DD1A1A5AB0003ACFD8 /* Interview_Tests.xcdatamodel */ = {isa = PBXFileReference; lastKnownFileType = wrapper.xcdatamodel; path = Interview_Tests.xcdatamodel; sourceTree = "<group>"; };
		C97443DF1A1A5AB0003ACFD8 /* MasterViewController.swift */ = {isa = PBXFileReference; lastKnownFileType = sourcecode.swift; path = MasterViewController.swift; sourceTree = "<group>"; };
		C97443E11A1A5AB0003ACFD8 /* DetailViewController.swift */ = {isa = PBXFileReference; lastKnownFileType = sourcecode.swift; path = DetailViewController.swift; sourceTree = "<group>"; };
		C97443E41A1A5AB0003ACFD8 /* Base */ = {isa = PBXFileReference; lastKnownFileType = file.storyboard; name = Base; path = Base.lproj/Main.storyboard; sourceTree = "<group>"; };
		C97443E61A1A5AB0003ACFD8 /* Images.xcassets */ = {isa = PBXFileReference; lastKnownFileType = folder.assetcatalog; path = Images.xcassets; sourceTree = "<group>"; };
		C97443E91A1A5AB0003ACFD8 /* Base */ = {isa = PBXFileReference; lastKnownFileType = file.xib; name = Base; path = Base.lproj/LaunchScreen.xib; sourceTree = "<group>"; };
		C97443EF1A1A5AB0003ACFD8 /* Interview TestsTests.xctest */ = {isa = PBXFileReference; explicitFileType = wrapper.cfbundle; includeInIndex = 0; path = "Interview TestsTests.xctest"; sourceTree = BUILT_PRODUCTS_DIR; };
		C97443F41A1A5AB0003ACFD8 /* Info.plist */ = {isa = PBXFileReference; lastKnownFileType = text.plist.xml; path = Info.plist; sourceTree = "<group>"; };
		C97443F51A1A5AB0003ACFD8 /* Interview_TestsTests.swift */ = {isa = PBXFileReference; lastKnownFileType = sourcecode.swift; path = Interview_TestsTests.swift; sourceTree = "<group>"; };
		C97444011A1A5FA0003ACFD8 /* NearbyBeaconCell.swift */ = {isa = PBXFileReference; fileEncoding = 4; lastKnownFileType = sourcecode.swift; path = NearbyBeaconCell.swift; sourceTree = "<group>"; };
		C97444031A1A633E003ACFD8 /* data.json */ = {isa = PBXFileReference; fileEncoding = 4; lastKnownFileType = text.json; path = data.json; sourceTree = "<group>"; };
		C97444051A1A639C003ACFD8 /* Loader.swift */ = {isa = PBXFileReference; fileEncoding = 4; lastKnownFileType = sourcecode.swift; path = Loader.swift; sourceTree = "<group>"; };
		C97444191A1A65C5003ACFD8 /* SwiftyJSON.xcodeproj */ = {isa = PBXFileReference; lastKnownFileType = "wrapper.pb-project"; name = SwiftyJSON.xcodeproj; path = SwiftyJSON/SwiftyJSON.xcodeproj; sourceTree = SOURCE_ROOT; };
		C988FD851A1A6A9C00F969DF /* Beacon.swift */ = {isa = PBXFileReference; fileEncoding = 4; lastKnownFileType = sourcecode.swift; path = Beacon.swift; sourceTree = "<group>"; };
		C988FD871A1A6A9C00F969DF /* Location.swift */ = {isa = PBXFileReference; fileEncoding = 4; lastKnownFileType = sourcecode.swift; path = Location.swift; sourceTree = "<group>"; };
		C988FDC11A1A7B2200F969DF /* NearbyBeaconCellFast.swift */ = {isa = PBXFileReference; fileEncoding = 4; lastKnownFileType = sourcecode.swift; path = NearbyBeaconCellFast.swift; sourceTree = "<group>"; };
/* End PBXFileReference section */

/* Begin PBXFrameworksBuildPhase section */
		C97443D21A1A5AB0003ACFD8 /* Frameworks */ = {
			isa = PBXFrameworksBuildPhase;
			buildActionMask = 2147483647;
			files = (
				C97444281A1A65CC003ACFD8 /* SwiftyJSON.framework in Frameworks */,
			);
			runOnlyForDeploymentPostprocessing = 0;
		};
		C97443EC1A1A5AB0003ACFD8 /* Frameworks */ = {
			isa = PBXFrameworksBuildPhase;
			buildActionMask = 2147483647;
			files = (
			);
			runOnlyForDeploymentPostprocessing = 0;
		};
/* End PBXFrameworksBuildPhase section */

/* Begin PBXGroup section */
		C97443CC1A1A5AB0003ACFD8 = {
			isa = PBXGroup;
			children = (
				C97443D71A1A5AB0003ACFD8 /* Interview Tests */,
				C97443F21A1A5AB0003ACFD8 /* Interview TestsTests */,
				C97443D61A1A5AB0003ACFD8 /* Products */,
			);
			sourceTree = "<group>";
		};
		C97443D61A1A5AB0003ACFD8 /* Products */ = {
			isa = PBXGroup;
			children = (
				C97443D51A1A5AB0003ACFD8 /* Interview Tests.app */,
				C97443EF1A1A5AB0003ACFD8 /* Interview TestsTests.xctest */,
			);
			name = Products;
			sourceTree = "<group>";
		};
		C97443D71A1A5AB0003ACFD8 /* Interview Tests */ = {
			isa = PBXGroup;
			children = (
				C97444051A1A639C003ACFD8 /* Loader.swift */,
				C97444011A1A5FA0003ACFD8 /* NearbyBeaconCell.swift */,
				C988FDC41A1A7B4300F969DF /* Optimized */,
				C988FDC31A1A7B3700F969DF /* Aux */,
				C988FD891A1A6AA500F969DF /* Models */,
				C97443D81A1A5AB0003ACFD8 /* Supporting Files */,
			);
			path = "Interview Tests";
			sourceTree = "<group>";
		};
		C97443D81A1A5AB0003ACFD8 /* Supporting Files */ = {
			isa = PBXGroup;
			children = (
				C97444191A1A65C5003ACFD8 /* SwiftyJSON.xcodeproj */,
				C97444031A1A633E003ACFD8 /* data.json */,
				C97443D91A1A5AB0003ACFD8 /* Info.plist */,
			);
			name = "Supporting Files";
			sourceTree = "<group>";
		};
		C97443F21A1A5AB0003ACFD8 /* Interview TestsTests */ = {
			isa = PBXGroup;
			children = (
				C97443F51A1A5AB0003ACFD8 /* Interview_TestsTests.swift */,
				C97443F31A1A5AB0003ACFD8 /* Supporting Files */,
			);
			path = "Interview TestsTests";
			sourceTree = "<group>";
		};
		C97443F31A1A5AB0003ACFD8 /* Supporting Files */ = {
			isa = PBXGroup;
			children = (
				C97443F41A1A5AB0003ACFD8 /* Info.plist */,
			);
			name = "Supporting Files";
			sourceTree = "<group>";
		};
		C974441A1A1A65C5003ACFD8 /* Products */ = {
			isa = PBXGroup;
			children = (
				C97444211A1A65C5003ACFD8 /* SwiftyJSON.framework */,
				C97444231A1A65C5003ACFD8 /* SwiftyJSONTests.xctest */,
				C97444251A1A65C5003ACFD8 /* SwiftyJSON.framework */,
				C97444271A1A65C5003ACFD8 /* SwiftyJSONOSXTests.xctest */,
			);
			name = Products;
			sourceTree = "<group>";
		};
		C988FD891A1A6AA500F969DF /* Models */ = {
			isa = PBXGroup;
			children = (
				C97443DC1A1A5AB0003ACFD8 /* Interview_Tests.xcdatamodeld */,
				C988FD871A1A6A9C00F969DF /* Location.swift */,
				C988FD851A1A6A9C00F969DF /* Beacon.swift */,
			);
			name = Models;
			sourceTree = "<group>";
		};
		C988FDC31A1A7B3700F969DF /* Aux */ = {
			isa = PBXGroup;
			children = (
				C97443DA1A1A5AB0003ACFD8 /* AppDelegate.swift */,
				C97443DF1A1A5AB0003ACFD8 /* MasterViewController.swift */,
				C97443E11A1A5AB0003ACFD8 /* DetailViewController.swift */,
				C97443E31A1A5AB0003ACFD8 /* Main.storyboard */,
				C97443E61A1A5AB0003ACFD8 /* Images.xcassets */,
				C97443E81A1A5AB0003ACFD8 /* LaunchScreen.xib */,
			);
			name = Aux;
			sourceTree = "<group>";
		};
		C988FDC41A1A7B4300F969DF /* Optimized */ = {
			isa = PBXGroup;
			children = (
				C988FDC11A1A7B2200F969DF /* NearbyBeaconCellFast.swift */,
			);
			name = Optimized;
			sourceTree = "<group>";
		};
/* End PBXGroup section */

/* Begin PBXNativeTarget section */
		C97443D41A1A5AB0003ACFD8 /* Interview Tests */ = {
			isa = PBXNativeTarget;
			buildConfigurationList = C97443F91A1A5AB0003ACFD8 /* Build configuration list for PBXNativeTarget "Interview Tests" */;
			buildPhases = (
				C97443D11A1A5AB0003ACFD8 /* Sources */,
				C97443D21A1A5AB0003ACFD8 /* Frameworks */,
				C97443D31A1A5AB0003ACFD8 /* Resources */,
				C974442C1A1A65CD003ACFD8 /* Embed Frameworks */,
			);
			buildRules = (
			);
			dependencies = (
				C974442B1A1A65CC003ACFD8 /* PBXTargetDependency */,
			);
			name = "Interview Tests";
			productName = "Interview Tests";
			productReference = C97443D51A1A5AB0003ACFD8 /* Interview Tests.app */;
			productType = "com.apple.product-type.application";
		};
		C97443EE1A1A5AB0003ACFD8 /* Interview TestsTests */ = {
			isa = PBXNativeTarget;
			buildConfigurationList = C97443FC1A1A5AB0003ACFD8 /* Build configuration list for PBXNativeTarget "Interview TestsTests" */;
			buildPhases = (
				C97443EB1A1A5AB0003ACFD8 /* Sources */,
				C97443EC1A1A5AB0003ACFD8 /* Frameworks */,
				C97443ED1A1A5AB0003ACFD8 /* Resources */,
			);
			buildRules = (
			);
			dependencies = (
				C97443F11A1A5AB0003ACFD8 /* PBXTargetDependency */,
			);
			name = "Interview TestsTests";
			productName = "Interview TestsTests";
			productReference = C97443EF1A1A5AB0003ACFD8 /* Interview TestsTests.xctest */;
			productType = "com.apple.product-type.bundle.unit-test";
		};
/* End PBXNativeTarget section */

/* Begin PBXProject section */
		C97443CD1A1A5AB0003ACFD8 /* Project object */ = {
			isa = PBXProject;
			attributes = {
				LastUpgradeCheck = 0610;
				ORGANIZATIONNAME = OpenTable;
				TargetAttributes = {
					C97443D41A1A5AB0003ACFD8 = {
						CreatedOnToolsVersion = 6.1;
						DevelopmentTeam = QPU8QS3E62;
					};
					C97443EE1A1A5AB0003ACFD8 = {
						CreatedOnToolsVersion = 6.1;
						TestTargetID = C97443D41A1A5AB0003ACFD8;
					};
				};
			};
			buildConfigurationList = C97443D01A1A5AB0003ACFD8 /* Build configuration list for PBXProject "Interview Tests" */;
			compatibilityVersion = "Xcode 3.2";
			developmentRegion = English;
			hasScannedForEncodings = 0;
			knownRegions = (
				en,
				Base,
			);
			mainGroup = C97443CC1A1A5AB0003ACFD8;
			productRefGroup = C97443D61A1A5AB0003ACFD8 /* Products */;
			projectDirPath = "";
			projectReferences = (
				{
					ProductGroup = C974441A1A1A65C5003ACFD8 /* Products */;
					ProjectRef = C97444191A1A65C5003ACFD8 /* SwiftyJSON.xcodeproj */;
				},
			);
			projectRoot = "";
			targets = (
				C97443D41A1A5AB0003ACFD8 /* Interview Tests */,
				C97443EE1A1A5AB0003ACFD8 /* Interview TestsTests */,
			);
		};
/* End PBXProject section */

/* Begin PBXReferenceProxy section */
		C97444211A1A65C5003ACFD8 /* SwiftyJSON.framework */ = {
			isa = PBXReferenceProxy;
			fileType = wrapper.framework;
			path = SwiftyJSON.framework;
			remoteRef = C97444201A1A65C5003ACFD8 /* PBXContainerItemProxy */;
			sourceTree = BUILT_PRODUCTS_DIR;
		};
		C97444231A1A65C5003ACFD8 /* SwiftyJSONTests.xctest */ = {
			isa = PBXReferenceProxy;
			fileType = wrapper.cfbundle;
			path = SwiftyJSONTests.xctest;
			remoteRef = C97444221A1A65C5003ACFD8 /* PBXContainerItemProxy */;
			sourceTree = BUILT_PRODUCTS_DIR;
		};
		C97444251A1A65C5003ACFD8 /* SwiftyJSON.framework */ = {
			isa = PBXReferenceProxy;
			fileType = wrapper.framework;
			path = SwiftyJSON.framework;
			remoteRef = C97444241A1A65C5003ACFD8 /* PBXContainerItemProxy */;
			sourceTree = BUILT_PRODUCTS_DIR;
		};
		C97444271A1A65C5003ACFD8 /* SwiftyJSONOSXTests.xctest */ = {
			isa = PBXReferenceProxy;
			fileType = wrapper.cfbundle;
			path = SwiftyJSONOSXTests.xctest;
			remoteRef = C97444261A1A65C5003ACFD8 /* PBXContainerItemProxy */;
			sourceTree = BUILT_PRODUCTS_DIR;
		};
/* End PBXReferenceProxy section */

/* Begin PBXResourcesBuildPhase section */
		C97443D31A1A5AB0003ACFD8 /* Resources */ = {
			isa = PBXResourcesBuildPhase;
			buildActionMask = 2147483647;
			files = (
				C97443E51A1A5AB0003ACFD8 /* Main.storyboard in Resources */,
				C97443EA1A1A5AB0003ACFD8 /* LaunchScreen.xib in Resources */,
				C97443E71A1A5AB0003ACFD8 /* Images.xcassets in Resources */,
				C97444041A1A633E003ACFD8 /* data.json in Resources */,
			);
			runOnlyForDeploymentPostprocessing = 0;
		};
		C97443ED1A1A5AB0003ACFD8 /* Resources */ = {
			isa = PBXResourcesBuildPhase;
			buildActionMask = 2147483647;
			files = (
			);
			runOnlyForDeploymentPostprocessing = 0;
		};
/* End PBXResourcesBuildPhase section */

/* Begin PBXSourcesBuildPhase section */
		C97443D11A1A5AB0003ACFD8 /* Sources */ = {
			isa = PBXSourcesBuildPhase;
			buildActionMask = 2147483647;
			files = (
				C97443DB1A1A5AB0003ACFD8 /* AppDelegate.swift in Sources */,
				C97443DE1A1A5AB0003ACFD8 /* Interview_Tests.xcdatamodeld in Sources */,
				C988FDC21A1A7B2200F969DF /* NearbyBeaconCellFast.swift in Sources */,
				C988FDBD1A1A6D6000F969DF /* Location.swift in Sources */,
				C97444061A1A639C003ACFD8 /* Loader.swift in Sources */,
				C97444021A1A5FA0003ACFD8 /* NearbyBeaconCell.swift in Sources */,
				C97443E01A1A5AB0003ACFD8 /* MasterViewController.swift in Sources */,
				C97443E21A1A5AB0003ACFD8 /* DetailViewController.swift in Sources */,
				C988FDBE1A1A6D6400F969DF /* Beacon.swift in Sources */,
			);
			runOnlyForDeploymentPostprocessing = 0;
		};
		C97443EB1A1A5AB0003ACFD8 /* Sources */ = {
			isa = PBXSourcesBuildPhase;
			buildActionMask = 2147483647;
			files = (
				C97443F61A1A5AB0003ACFD8 /* Interview_TestsTests.swift in Sources */,
			);
			runOnlyForDeploymentPostprocessing = 0;
		};
/* End PBXSourcesBuildPhase section */

/* Begin PBXTargetDependency section */
		C97443F11A1A5AB0003ACFD8 /* PBXTargetDependency */ = {
			isa = PBXTargetDependency;
			target = C97443D41A1A5AB0003ACFD8 /* Interview Tests */;
			targetProxy = C97443F01A1A5AB0003ACFD8 /* PBXContainerItemProxy */;
		};
		C974442B1A1A65CC003ACFD8 /* PBXTargetDependency */ = {
			isa = PBXTargetDependency;
			name = SwiftyJSON;
			targetProxy = C974442A1A1A65CC003ACFD8 /* PBXContainerItemProxy */;
		};
/* End PBXTargetDependency section */

/* Begin PBXVariantGroup section */
		C97443E31A1A5AB0003ACFD8 /* Main.storyboard */ = {
			isa = PBXVariantGroup;
			children = (
				C97443E41A1A5AB0003ACFD8 /* Base */,
			);
			name = Main.storyboard;
			sourceTree = "<group>";
		};
		C97443E81A1A5AB0003ACFD8 /* LaunchScreen.xib */ = {
			isa = PBXVariantGroup;
			children = (
				C97443E91A1A5AB0003ACFD8 /* Base */,
			);
			name = LaunchScreen.xib;
			sourceTree = "<group>";
		};
/* End PBXVariantGroup section */

/* Begin XCBuildConfiguration section */
		C97443F71A1A5AB0003ACFD8 /* Debug */ = {
			isa = XCBuildConfiguration;
			buildSettings = {
				ALWAYS_SEARCH_USER_PATHS = NO;
				CLANG_CXX_LANGUAGE_STANDARD = "gnu++0x";
				CLANG_CXX_LIBRARY = "libc++";
				CLANG_ENABLE_MODULES = YES;
				CLANG_ENABLE_OBJC_ARC = YES;
				CLANG_WARN_BOOL_CONVERSION = YES;
				CLANG_WARN_CONSTANT_CONVERSION = YES;
				CLANG_WARN_DIRECT_OBJC_ISA_USAGE = YES_ERROR;
				CLANG_WARN_EMPTY_BODY = YES;
				CLANG_WARN_ENUM_CONVERSION = YES;
				CLANG_WARN_INT_CONVERSION = YES;
				CLANG_WARN_OBJC_ROOT_CLASS = YES_ERROR;
				CLANG_WARN_UNREACHABLE_CODE = YES;
				CLANG_WARN__DUPLICATE_METHOD_MATCH = YES;
				"CODE_SIGN_IDENTITY[sdk=iphoneos*]" = "iPhone Developer";
				COPY_PHASE_STRIP = NO;
				ENABLE_STRICT_OBJC_MSGSEND = YES;
				GCC_C_LANGUAGE_STANDARD = gnu99;
				GCC_DYNAMIC_NO_PIC = NO;
				GCC_OPTIMIZATION_LEVEL = 0;
				GCC_PREPROCESSOR_DEFINITIONS = (
					"DEBUG=1",
					"$(inherited)",
				);
				GCC_SYMBOLS_PRIVATE_EXTERN = NO;
				GCC_WARN_64_TO_32_BIT_CONVERSION = YES;
				GCC_WARN_ABOUT_RETURN_TYPE = YES_ERROR;
				GCC_WARN_UNDECLARED_SELECTOR = YES;
				GCC_WARN_UNINITIALIZED_AUTOS = YES_AGGRESSIVE;
				GCC_WARN_UNUSED_FUNCTION = YES;
				GCC_WARN_UNUSED_VARIABLE = YES;
				IPHONEOS_DEPLOYMENT_TARGET = 8.1;
				MTL_ENABLE_DEBUG_INFO = YES;
				ONLY_ACTIVE_ARCH = YES;
				SDKROOT = iphoneos;
				SWIFT_OPTIMIZATION_LEVEL = "-Onone";
				TARGETED_DEVICE_FAMILY = "1,2";
			};
			name = Debug;
		};
		C97443F81A1A5AB0003ACFD8 /* Release */ = {
			isa = XCBuildConfiguration;
			buildSettings = {
				ALWAYS_SEARCH_USER_PATHS = NO;
				CLANG_CXX_LANGUAGE_STANDARD = "gnu++0x";
				CLANG_CXX_LIBRARY = "libc++";
				CLANG_ENABLE_MODULES = YES;
				CLANG_ENABLE_OBJC_ARC = YES;
				CLANG_WARN_BOOL_CONVERSION = YES;
				CLANG_WARN_CONSTANT_CONVERSION = YES;
				CLANG_WARN_DIRECT_OBJC_ISA_USAGE = YES_ERROR;
				CLANG_WARN_EMPTY_BODY = YES;
				CLANG_WARN_ENUM_CONVERSION = YES;
				CLANG_WARN_INT_CONVERSION = YES;
				CLANG_WARN_OBJC_ROOT_CLASS = YES_ERROR;
				CLANG_WARN_UNREACHABLE_CODE = YES;
				CLANG_WARN__DUPLICATE_METHOD_MATCH = YES;
				"CODE_SIGN_IDENTITY[sdk=iphoneos*]" = "iPhone Developer";
				COPY_PHASE_STRIP = YES;
				ENABLE_NS_ASSERTIONS = NO;
				ENABLE_STRICT_OBJC_MSGSEND = YES;
				GCC_C_LANGUAGE_STANDARD = gnu99;
				GCC_WARN_64_TO_32_BIT_CONVERSION = YES;
				GCC_WARN_ABOUT_RETURN_TYPE = YES_ERROR;
				GCC_WARN_UNDECLARED_SELECTOR = YES;
				GCC_WARN_UNINITIALIZED_AUTOS = YES_AGGRESSIVE;
				GCC_WARN_UNUSED_FUNCTION = YES;
				GCC_WARN_UNUSED_VARIABLE = YES;
				IPHONEOS_DEPLOYMENT_TARGET = 8.1;
				MTL_ENABLE_DEBUG_INFO = NO;
				SDKROOT = iphoneos;
				TARGETED_DEVICE_FAMILY = "1,2";
				VALIDATE_PRODUCT = YES;
			};
			name = Release;
		};
		C97443FA1A1A5AB0003ACFD8 /* Debug */ = {
			isa = XCBuildConfiguration;
			buildSettings = {
				ASSETCATALOG_COMPILER_APPICON_NAME = AppIcon;
				CODE_SIGN_IDENTITY = "iPhone Developer";
				EMBEDDED_CONTENT_CONTAINS_SWIFT = YES;
				INFOPLIST_FILE = "Interview Tests/Info.plist";
				LD_RUNPATH_SEARCH_PATHS = "$(inherited) @executable_path/Frameworks";
				PRODUCT_NAME = "$(TARGET_NAME)";
			};
			name = Debug;
		};
		C97443FB1A1A5AB0003ACFD8 /* Release */ = {
			isa = XCBuildConfiguration;
			buildSettings = {
				ASSETCATALOG_COMPILER_APPICON_NAME = AppIcon;
				CODE_SIGN_IDENTITY = "iPhone Developer";
				EMBEDDED_CONTENT_CONTAINS_SWIFT = YES;
				INFOPLIST_FILE = "Interview Tests/Info.plist";
				LD_RUNPATH_SEARCH_PATHS = "$(inherited) @executable_path/Frameworks";
				PRODUCT_NAME = "$(TARGET_NAME)";
			};
			name = Release;
		};
		C97443FD1A1A5AB0003ACFD8 /* Debug */ = {
			isa = XCBuildConfiguration;
			buildSettings = {
				BUNDLE_LOADER = "$(TEST_HOST)";
				FRAMEWORK_SEARCH_PATHS = (
					"$(SDKROOT)/Developer/Library/Frameworks",
					"$(inherited)",
				);
				GCC_PREPROCESSOR_DEFINITIONS = (
					"DEBUG=1",
					"$(inherited)",
				);
				INFOPLIST_FILE = "Interview TestsTests/Info.plist";
				LD_RUNPATH_SEARCH_PATHS = "$(inherited) @executable_path/Frameworks @loader_path/Frameworks";
				PRODUCT_NAME = "$(TARGET_NAME)";
				TEST_HOST = "$(BUILT_PRODUCTS_DIR)/Interview Tests.app/Interview Tests";
			};
			name = Debug;
		};
		C97443FE1A1A5AB0003ACFD8 /* Release */ = {
			isa = XCBuildConfiguration;
			buildSettings = {
				BUNDLE_LOADER = "$(TEST_HOST)";
				FRAMEWORK_SEARCH_PATHS = (
					"$(SDKROOT)/Developer/Library/Frameworks",
					"$(inherited)",
				);
				INFOPLIST_FILE = "Interview TestsTests/Info.plist";
				LD_RUNPATH_SEARCH_PATHS = "$(inherited) @executable_path/Frameworks @loader_path/Frameworks";
				PRODUCT_NAME = "$(TARGET_NAME)";
				TEST_HOST = "$(BUILT_PRODUCTS_DIR)/Interview Tests.app/Interview Tests";
			};
			name = Release;
		};
/* End XCBuildConfiguration section */

/* Begin XCConfigurationList section */
		C97443D01A1A5AB0003ACFD8 /* Build configuration list for PBXProject "Interview Tests" */ = {
			isa = XCConfigurationList;
			buildConfigurations = (
				C97443F71A1A5AB0003ACFD8 /* Debug */,
				C97443F81A1A5AB0003ACFD8 /* Release */,
			);
			defaultConfigurationIsVisible = 0;
			defaultConfigurationName = Release;
		};
		C97443F91A1A5AB0003ACFD8 /* Build configuration list for PBXNativeTarget "Interview Tests" */ = {
			isa = XCConfigurationList;
			buildConfigurations = (
				C97443FA1A1A5AB0003ACFD8 /* Debug */,
				C97443FB1A1A5AB0003ACFD8 /* Release */,
			);
			defaultConfigurationIsVisible = 0;
			defaultConfigurationName = Release;
		};
		C97443FC1A1A5AB0003ACFD8 /* Build configuration list for PBXNativeTarget "Interview TestsTests" */ = {
			isa = XCConfigurationList;
			buildConfigurations = (
				C97443FD1A1A5AB0003ACFD8 /* Debug */,
				C97443FE1A1A5AB0003ACFD8 /* Release */,
			);
			defaultConfigurationIsVisible = 0;
			defaultConfigurationName = Release;
		};
/* End XCConfigurationList section */

/* Begin XCVersionGroup section */
		C97443DC1A1A5AB0003ACFD8 /* Interview_Tests.xcdatamodeld */ = {
			isa = XCVersionGroup;
			children = (
				C97443DD1A1A5AB0003ACFD8 /* Interview_Tests.xcdatamodel */,
			);
			currentVersion = C97443DD1A1A5AB0003ACFD8 /* Interview_Tests.xcdatamodel */;
			path = Interview_Tests.xcdatamodeld;
			sourceTree = "<group>";
			versionGroupType = wrapper.xcdatamodel;
		};
/* End XCVersionGroup section */
	};
	rootObject = C97443CD1A1A5AB0003ACFD8 /* Project object */;
}
